// !$*UTF8*$!
{
	archiveVersion = 1;
	classes = {
	};
	objectVersion = 55;
	objects = {

/* Begin PBXBuildFile section */
		B98AC5E528A9515F00038E1F /* AppDelegate.swift in Sources */ = {isa = PBXBuildFile; fileRef = B98AC5E428A9515F00038E1F /* AppDelegate.swift */; };
		B98AC5E728A9515F00038E1F /* SceneDelegate.swift in Sources */ = {isa = PBXBuildFile; fileRef = B98AC5E628A9515F00038E1F /* SceneDelegate.swift */; };
		B98AC5E928A9515F00038E1F /* ViewController.swift in Sources */ = {isa = PBXBuildFile; fileRef = B98AC5E828A9515F00038E1F /* ViewController.swift */; };
		B98AC5EC28A9515F00038E1F /* Main.storyboard in Resources */ = {isa = PBXBuildFile; fileRef = B98AC5EA28A9515F00038E1F /* Main.storyboard */; };
		B98AC5EE28A9516200038E1F /* Assets.xcassets in Resources */ = {isa = PBXBuildFile; fileRef = B98AC5ED28A9516200038E1F /* Assets.xcassets */; };
		B98AC5F128A9516200038E1F /* LaunchScreen.storyboard in Resources */ = {isa = PBXBuildFile; fileRef = B98AC5EF28A9516200038E1F /* LaunchScreen.storyboard */; };
		B98AC5F928A954D200038E1F /* iot_devices.json in Resources */ = {isa = PBXBuildFile; fileRef = B98AC5F828A954D200038E1F /* iot_devices.json */; };
		B98AC5FD28A955D200038E1F /* DeviceCell.swift in Sources */ = {isa = PBXBuildFile; fileRef = B98AC5FC28A955D200038E1F /* DeviceCell.swift */; };
		B98AC5FF28A959B100038E1F /* Device.swift in Sources */ = {isa = PBXBuildFile; fileRef = B98AC5FE28A959B100038E1F /* Device.swift */; };
/* End PBXBuildFile section */

/* Begin PBXFileReference section */
		B98AC5E128A9515F00038E1F /* TablesSB.app */ = {isa = PBXFileReference; explicitFileType = wrapper.application; includeInIndex = 0; path = TablesSB.app; sourceTree = BUILT_PRODUCTS_DIR; };
		B98AC5E428A9515F00038E1F /* AppDelegate.swift */ = {isa = PBXFileReference; lastKnownFileType = sourcecode.swift; path = AppDelegate.swift; sourceTree = "<group>"; };
		B98AC5E628A9515F00038E1F /* SceneDelegate.swift */ = {isa = PBXFileReference; lastKnownFileType = sourcecode.swift; path = SceneDelegate.swift; sourceTree = "<group>"; };
		B98AC5E828A9515F00038E1F /* ViewController.swift */ = {isa = PBXFileReference; lastKnownFileType = sourcecode.swift; path = ViewController.swift; sourceTree = "<group>"; };
		B98AC5EB28A9515F00038E1F /* Base */ = {isa = PBXFileReference; lastKnownFileType = file.storyboard; name = Base; path = Base.lproj/Main.storyboard; sourceTree = "<group>"; };
		B98AC5ED28A9516200038E1F /* Assets.xcassets */ = {isa = PBXFileReference; lastKnownFileType = folder.assetcatalog; path = Assets.xcassets; sourceTree = "<group>"; };
		B98AC5F028A9516200038E1F /* Base */ = {isa = PBXFileReference; lastKnownFileType = file.storyboard; name = Base; path = Base.lproj/LaunchScreen.storyboard; sourceTree = "<group>"; };
		B98AC5F228A9516200038E1F /* Info.plist */ = {isa = PBXFileReference; lastKnownFileType = text.plist.xml; path = Info.plist; sourceTree = "<group>"; };
		B98AC5F828A954D200038E1F /* iot_devices.json */ = {isa = PBXFileReference; lastKnownFileType = text.json; path = iot_devices.json; sourceTree = "<group>"; };
		B98AC5FC28A955D200038E1F /* DeviceCell.swift */ = {isa = PBXFileReference; lastKnownFileType = sourcecode.swift; path = DeviceCell.swift; sourceTree = "<group>"; };
		B98AC5FE28A959B100038E1F /* Device.swift */ = {isa = PBXFileReference; lastKnownFileType = sourcecode.swift; path = Device.swift; sourceTree = "<group>"; };
/* End PBXFileReference section */

/* Begin PBXFrameworksBuildPhase section */
		B98AC5DE28A9515F00038E1F /* Frameworks */ = {
			isa = PBXFrameworksBuildPhase;
			buildActionMask = 2147483647;
			files = (
			);
			runOnlyForDeploymentPostprocessing = 0;
		};
/* End PBXFrameworksBuildPhase section */

/* Begin PBXGroup section */
		B98AC5D828A9515F00038E1F = {
			isa = PBXGroup;
			children = (
				B98AC5E328A9515F00038E1F /* TablesSB */,
				B98AC5E228A9515F00038E1F /* Products */,
			);
			sourceTree = "<group>";
		};
		B98AC5E228A9515F00038E1F /* Products */ = {
			isa = PBXGroup;
			children = (
				B98AC5E128A9515F00038E1F /* TablesSB.app */,
			);
			name = Products;
			sourceTree = "<group>";
		};
		B98AC5E328A9515F00038E1F /* TablesSB */ = {
			isa = PBXGroup;
			children = (
				B98AC5E428A9515F00038E1F /* AppDelegate.swift */,
				B98AC5E628A9515F00038E1F /* SceneDelegate.swift */,
				B98AC5FE28A959B100038E1F /* Device.swift */,
				B98AC5FC28A955D200038E1F /* DeviceCell.swift */,
				B98AC5E828A9515F00038E1F /* ViewController.swift */,
				B98AC5EA28A9515F00038E1F /* Main.storyboard */,
				B98AC5ED28A9516200038E1F /* Assets.xcassets */,
				B98AC5EF28A9516200038E1F /* LaunchScreen.storyboard */,
				B98AC5F228A9516200038E1F /* Info.plist */,
				B98AC5F828A954D200038E1F /* iot_devices.json */,
			);
			path = TablesSB;
			sourceTree = "<group>";
		};
/* End PBXGroup section */

/* Begin PBXNativeTarget section */
		B98AC5E028A9515F00038E1F /* TablesSB */ = {
			isa = PBXNativeTarget;
			buildConfigurationList = B98AC5F528A9516200038E1F /* Build configuration list for PBXNativeTarget "TablesSB" */;
			buildPhases = (
				B98AC5DD28A9515F00038E1F /* Sources */,
				B98AC5DE28A9515F00038E1F /* Frameworks */,
				B98AC5DF28A9515F00038E1F /* Resources */,
			);
			buildRules = (
			);
			dependencies = (
			);
			name = TablesSB;
			productName = TablesSB;
			productReference = B98AC5E128A9515F00038E1F /* TablesSB.app */;
			productType = "com.apple.product-type.application";
		};
/* End PBXNativeTarget section */

/* Begin PBXProject section */
		B98AC5D928A9515F00038E1F /* Project object */ = {
			isa = PBXProject;
			attributes = {
				BuildIndependentTargetsInParallel = 1;
				LastSwiftUpdateCheck = 1330;
				LastUpgradeCheck = 1330;
				TargetAttributes = {
					B98AC5E028A9515F00038E1F = {
						CreatedOnToolsVersion = 13.3.1;
					};
				};
			};
			buildConfigurationList = B98AC5DC28A9515F00038E1F /* Build configuration list for PBXProject "TablesSB" */;
			compatibilityVersion = "Xcode 13.0";
			developmentRegion = en;
			hasScannedForEncodings = 0;
			knownRegions = (
				en,
				Base,
			);
			mainGroup = B98AC5D828A9515F00038E1F;
			productRefGroup = B98AC5E228A9515F00038E1F /* Products */;
			projectDirPath = "";
			projectRoot = "";
			targets = (
				B98AC5E028A9515F00038E1F /* TablesSB */,
			);
		};
/* End PBXProject section */

/* Begin PBXResourcesBuildPhase section */
		B98AC5DF28A9515F00038E1F /* Resources */ = {
			isa = PBXResourcesBuildPhase;
			buildActionMask = 2147483647;
			files = (
				B98AC5F128A9516200038E1F /* LaunchScreen.storyboard in Resources */,
				B98AC5EE28A9516200038E1F /* Assets.xcassets in Resources */,
				B98AC5F928A954D200038E1F /* iot_devices.json in Resources */,
				B98AC5EC28A9515F00038E1F /* Main.storyboard in Resources */,
			);
			runOnlyForDeploymentPostprocessing = 0;
		};
/* End PBXResourcesBuildPhase section */

/* Begin PBXSourcesBuildPhase section */
		B98AC5DD28A9515F00038E1F /* Sources */ = {
			isa = PBXSourcesBuildPhase;
			buildActionMask = 2147483647;
			files = (
				B98AC5E928A9515F00038E1F /* ViewController.swift in Sources */,
				B98AC5E528A9515F00038E1F /* AppDelegate.swift in Sources */,
				B98AC5E728A9515F00038E1F /* SceneDelegate.swift in Sources */,
				B98AC5FD28A955D200038E1F /* DeviceCell.swift in Sources */,
				B98AC5FF28A959B100038E1F /* Device.swift in Sources */,
			);
			runOnlyForDeploymentPostprocessing = 0;
		};
/* End PBXSourcesBuildPhase section */

/* Begin PBXVariantGroup section */
		B98AC5EA28A9515F00038E1F /* Main.storyboard */ = {
			isa = PBXVariantGroup;
			children = (
				B98AC5EB28A9515F00038E1F /* Base */,
			);
			name = Main.storyboard;
			sourceTree = "<group>";
		};
		B98AC5EF28A9516200038E1F /* LaunchScreen.storyboard */ = {
			isa = PBXVariantGroup;
			children = (
				B98AC5F028A9516200038E1F /* Base */,
			);
			name = LaunchScreen.storyboard;
			sourceTree = "<group>";
		};
/* End PBXVariantGroup section */

/* Begin XCBuildConfiguration section */
		B98AC5F328A9516200038E1F /* Debug */ = {
			isa = XCBuildConfiguration;
			buildSettings = {
				ALWAYS_SEARCH_USER_PATHS = NO;
				CLANG_ANALYZER_NONNULL = YES;
				CLANG_ANALYZER_NUMBER_OBJECT_CONVERSION = YES_AGGRESSIVE;
				CLANG_CXX_LANGUAGE_STANDARD = "gnu++17";
				CLANG_ENABLE_MODULES = YES;
				CLANG_ENABLE_OBJC_ARC = YES;
				CLANG_ENABLE_OBJC_WEAK = YES;
				CLANG_WARN_BLOCK_CAPTURE_AUTORELEASING = YES;
				CLANG_WARN_BOOL_CONVERSION = YES;
				CLANG_WARN_COMMA = YES;
				CLANG_WARN_CONSTANT_CONVERSION = YES;
				CLANG_WARN_DEPRECATED_OBJC_IMPLEMENTATIONS = YES;
				CLANG_WARN_DIRECT_OBJC_ISA_USAGE = YES_ERROR;
				CLANG_WARN_DOCUMENTATION_COMMENTS = YES;
				CLANG_WARN_EMPTY_BODY = YES;
				CLANG_WARN_ENUM_CONVERSION = YES;
				CLANG_WARN_INFINITE_RECURSION = YES;
				CLANG_WARN_INT_CONVERSION = YES;
				CLANG_WARN_NON_LITERAL_NULL_CONVERSION = YES;
				CLANG_WARN_OBJC_IMPLICIT_RETAIN_SELF = YES;
				CLANG_WARN_OBJC_LITERAL_CONVERSION = YES;
				CLANG_WARN_OBJC_ROOT_CLASS = YES_ERROR;
				CLANG_WARN_QUOTED_INCLUDE_IN_FRAMEWORK_HEADER = YES;
				CLANG_WARN_RANGE_LOOP_ANALYSIS = YES;
				CLANG_WARN_STRICT_PROTOTYPES = YES;
				CLANG_WARN_SUSPICIOUS_MOVE = YES;
				CLANG_WARN_UNGUARDED_AVAILABILITY = YES_AGGRESSIVE;
				CLANG_WARN_UNREACHABLE_CODE = YES;
				CLANG_WARN__DUPLICATE_METHOD_MATCH = YES;
				COPY_PHASE_STRIP = NO;
				DEBUG_INFORMATION_FORMAT = dwarf;
				ENABLE_STRICT_OBJC_MSGSEND = YES;
				ENABLE_TESTABILITY = YES;
				GCC_C_LANGUAGE_STANDARD = gnu11;
				GCC_DYNAMIC_NO_PIC = NO;
				GCC_NO_COMMON_BLOCKS = YES;
				GCC_OPTIMIZATION_LEVEL = 0;
				GCC_PREPROCESSOR_DEFINITIONS = (
					"DEBUG=1",
					"$(inherited)",
				);
				GCC_WARN_64_TO_32_BIT_CONVERSION = YES;
				GCC_WARN_ABOUT_RETURN_TYPE = YES_ERROR;
				GCC_WARN_UNDECLARED_SELECTOR = YES;
				GCC_WARN_UNINITIALIZED_AUTOS = YES_AGGRESSIVE;
				GCC_WARN_UNUSED_FUNCTION = YES;
				GCC_WARN_UNUSED_VARIABLE = YES;
				IPHONEOS_DEPLOYMENT_TARGET = 15.4;
				MTL_ENABLE_DEBUG_INFO = INCLUDE_SOURCE;
				MTL_FAST_MATH = YES;
				ONLY_ACTIVE_ARCH = YES;
				SDKROOT = iphoneos;
				SWIFT_ACTIVE_COMPILATION_CONDITIONS = DEBUG;
				SWIFT_OPTIMIZATION_LEVEL = "-Onone";
			};
			name = Debug;
		};
		B98AC5F428A9516200038E1F /* Release */ = {
			isa = XCBuildConfiguration;
			buildSettings = {
				ALWAYS_SEARCH_USER_PATHS = NO;
				CLANG_ANALYZER_NONNULL = YES;
				CLANG_ANALYZER_NUMBER_OBJECT_CONVERSION = YES_AGGRESSIVE;
				CLANG_CXX_LANGUAGE_STANDARD = "gnu++17";
				CLANG_ENABLE_MODULES = YES;
				CLANG_ENABLE_OBJC_ARC = YES;
				CLANG_ENABLE_OBJC_WEAK = YES;
				CLANG_WARN_BLOCK_CAPTURE_AUTORELEASING = YES;
				CLANG_WARN_BOOL_CONVERSION = YES;
				CLANG_WARN_COMMA = YES;
				CLANG_WARN_CONSTANT_CONVERSION = YES;
				CLANG_WARN_DEPRECATED_OBJC_IMPLEMENTATIONS = YES;
				CLANG_WARN_DIRECT_OBJC_ISA_USAGE = YES_ERROR;
				CLANG_WARN_DOCUMENTATION_COMMENTS = YES;
				CLANG_WARN_EMPTY_BODY = YES;
				CLANG_WARN_ENUM_CONVERSION = YES;
				CLANG_WARN_INFINITE_RECURSION = YES;
				CLANG_WARN_INT_CONVERSION = YES;
				CLANG_WARN_NON_LITERAL_NULL_CONVERSION = YES;
				CLANG_WARN_OBJC_IMPLICIT_RETAIN_SELF = YES;
				CLANG_WARN_OBJC_LITERAL_CONVERSION = YES;
				CLANG_WARN_OBJC_ROOT_CLASS = YES_ERROR;
				CLANG_WARN_QUOTED_INCLUDE_IN_FRAMEWORK_HEADER = YES;
				CLANG_WARN_RANGE_LOOP_ANALYSIS = YES;
				CLANG_WARN_STRICT_PROTOTYPES = YES;
				CLANG_WARN_SUSPICIOUS_MOVE = YES;
				CLANG_WARN_UNGUARDED_AVAILABILITY = YES_AGGRESSIVE;
				CLANG_WARN_UNREACHABLE_CODE = YES;
				CLANG_WARN__DUPLICATE_METHOD_MATCH = YES;
				COPY_PHASE_STRIP = NO;
				DEBUG_INFORMATION_FORMAT = "dwarf-with-dsym";
				ENABLE_NS_ASSERTIONS = NO;
				ENABLE_STRICT_OBJC_MSGSEND = YES;
				GCC_C_LANGUAGE_STANDARD = gnu11;
				GCC_NO_COMMON_BLOCKS = YES;
				GCC_WARN_64_TO_32_BIT_CONVERSION = YES;
				GCC_WARN_ABOUT_RETURN_TYPE = YES_ERROR;
				GCC_WARN_UNDECLARED_SELECTOR = YES;
				GCC_WARN_UNINITIALIZED_AUTOS = YES_AGGRESSIVE;
				GCC_WARN_UNUSED_FUNCTION = YES;
				GCC_WARN_UNUSED_VARIABLE = YES;
				IPHONEOS_DEPLOYMENT_TARGET = 15.4;
				MTL_ENABLE_DEBUG_INFO = NO;
				MTL_FAST_MATH = YES;
				SDKROOT = iphoneos;
				SWIFT_COMPILATION_MODE = wholemodule;
				SWIFT_OPTIMIZATION_LEVEL = "-O";
				VALIDATE_PRODUCT = YES;
			};
			name = Release;
		};
		B98AC5F628A9516200038E1F /* Debug */ = {
			isa = XCBuildConfiguration;
			buildSettings = {
				ASSETCATALOG_COMPILER_APPICON_NAME = AppIcon;
				ASSETCATALOG_COMPILER_GLOBAL_ACCENT_COLOR_NAME = AccentColor;
				CODE_SIGN_STYLE = Automatic;
				CURRENT_PROJECT_VERSION = 1;
				DEVELOPMENT_TEAM = 2ABK4QQ3NL;
				GENERATE_INFOPLIST_FILE = YES;
				INFOPLIST_FILE = TablesSB/Info.plist;
				INFOPLIST_KEY_UIApplicationSupportsIndirectInputEvents = YES;
				INFOPLIST_KEY_UILaunchStoryboardName = LaunchScreen;
				INFOPLIST_KEY_UIMainStoryboardFile = Main;
				INFOPLIST_KEY_UISupportedInterfaceOrientations_iPad = "UIInterfaceOrientationPortrait UIInterfaceOrientationPortraitUpsideDown UIInterfaceOrientationLandscapeLeft UIInterfaceOrientationLandscapeRight";
				INFOPLIST_KEY_UISupportedInterfaceOrientations_iPhone = "UIInterfaceOrientationPortrait UIInterfaceOrientationLandscapeLeft UIInterfaceOrientationLandscapeRight";
				LD_RUNPATH_SEARCH_PATHS = (
					"$(inherited)",
					"@executable_path/Frameworks",
				);
				MARKETING_VERSION = 1.0;
				PRODUCT_BUNDLE_IDENTIFIER = com.skwerlhub.TablesSB;
				PRODUCT_NAME = "$(TARGET_NAME)";
				SWIFT_EMIT_LOC_STRINGS = YES;
				SWIFT_VERSION = 5.0;
				TARGETED_DEVICE_FAMILY = "1,2";
			};
			name = Debug;
		};
		B98AC5F728A9516200038E1F /* Release */ = {
			isa = XCBuildConfiguration;
			buildSettings = {
				ASSETCATALOG_COMPILER_APPICON_NAME = AppIcon;
				ASSETCATALOG_COMPILER_GLOBAL_ACCENT_COLOR_NAME = AccentColor;
				CODE_SIGN_STYLE = Automatic;
				CURRENT_PROJECT_VERSION = 1;
				DEVELOPMENT_TEAM = 2ABK4QQ3NL;
				GENERATE_INFOPLIST_FILE = YES;
				INFOPLIST_FILE = TablesSB/Info.plist;
				INFOPLIST_KEY_UIApplicationSupportsIndirectInputEvents = YES;
				INFOPLIST_KEY_UILaunchStoryboardName = LaunchScreen;
				INFOPLIST_KEY_UIMainStoryboardFile = Main;
				INFOPLIST_KEY_UISupportedInterfaceOrientations_iPad = "UIInterfaceOrientationPortrait UIInterfaceOrientationPortraitUpsideDown UIInterfaceOrientationLandscapeLeft UIInterfaceOrientationLandscapeRight";
				INFOPLIST_KEY_UISupportedInterfaceOrientations_iPhone = "UIInterfaceOrientationPortrait UIInterfaceOrientationLandscapeLeft UIInterfaceOrientationLandscapeRight";
				LD_RUNPATH_SEARCH_PATHS = (
					"$(inherited)",
					"@executable_path/Frameworks",
				);
				MARKETING_VERSION = 1.0;
				PRODUCT_BUNDLE_IDENTIFIER = com.skwerlhub.TablesSB;
				PRODUCT_NAME = "$(TARGET_NAME)";
				SWIFT_EMIT_LOC_STRINGS = YES;
				SWIFT_VERSION = 5.0;
				TARGETED_DEVICE_FAMILY = "1,2";
			};
			name = Release;
		};
/* End XCBuildConfiguration section */

/* Begin XCConfigurationList section */
		B98AC5DC28A9515F00038E1F /* Build configuration list for PBXProject "TablesSB" */ = {
			isa = XCConfigurationList;
			buildConfigurations = (
				B98AC5F328A9516200038E1F /* Debug */,
				B98AC5F428A9516200038E1F /* Release */,
			);
			defaultConfigurationIsVisible = 0;
			defaultConfigurationName = Release;
		};
		B98AC5F528A9516200038E1F /* Build configuration list for PBXNativeTarget "TablesSB" */ = {
			isa = XCConfigurationList;
			buildConfigurations = (
				B98AC5F628A9516200038E1F /* Debug */,
				B98AC5F728A9516200038E1F /* Release */,
			);
			defaultConfigurationIsVisible = 0;
			defaultConfigurationName = Release;
		};
/* End XCConfigurationList section */
	};
	rootObject = B98AC5D928A9515F00038E1F /* Project object */;
}
